
Microsoft Visual Studio Solution File, Format Version 12.00
# Visual Studio Version 17
VisualStudioVersion = 17.3.32825.248
MinimumVisualStudioVersion = 10.0.40219.1
Project("{8BC9CEB8-8B4A-11D0-8D11-00A0C91BC942}") = "Задача 3", "Задача 3\Задача 3.vcxproj", "{A770EE91-0645-405A-B2A8-27250C329DBD}"
EndProject
Global
	GlobalSection(SolutionConfigurationPlatforms) = preSolution
		Debug|x64 = Debug|x64
		Debug|x86 = Debug|x86
		Release|x64 = Release|x64
		Release|x86 = Release|x86
	EndGlobalSection
	GlobalSection(ProjectConfigurationPlatforms) = postSolution
		{A770EE91-0645-405A-B2A8-27250C329DBD}.Debug|x64.ActiveCfg = Debug|x64
		{A770EE91-0645-405A-B2A8-27250C329DBD}.Debug|x64.Build.0 = Debug|x64
		{A770EE91-0645-405A-B2A8-27250C329DBD}.Debug|x86.ActiveCfg = Debug|Win32
		{A770EE91-0645-405A-B2A8-27250C329DBD}.Debug|x86.Build.0 = Debug|Win32
		{A770EE91-0645-405A-B2A8-27250C329DBD}.Release|x64.ActiveCfg = Release|x64
		{A770EE91-0645-405A-B2A8-27250C329DBD}.Release|x64.Build.0 = Release|x64
		{A770EE91-0645-405A-B2A8-27250C329DBD}.Release|x86.ActiveCfg = Release|Win32
		{A770EE91-0645-405A-B2A8-27250C329DBD}.Release|x86.Build.0 = Release|Win32
	EndGlobalSection
	GlobalSection(SolutionProperties) = preSolution
		HideSolutionNode = FALSE
	EndGlobalSection
	GlobalSection(ExtensibilityGlobals) = postSolution
		SolutionGuid = {BD75EC0A-8209-443A-BC55-DFE71FADBDA7}
	EndGlobalSection
EndGlobal
